
Microsoft Visual Studio Solution File, Format Version 12.00
# Visual Studio 15
VisualStudioVersion = 15.0.28010.2050
MinimumVisualStudioVersion = 10.0.40219.1
Project("{FAE04EC0-301F-11D3-BF4B-00C04F79EFBC}") = "testXsi0", "testXsi0\testXsi0.csproj", "{0B651877-2400-4120-87FD-0D1BFA7A91B5}"
EndProject
Global
	GlobalSection(SolutionConfigurationPlatforms) = preSolution
		Debug|Any CPU = Debug|Any CPU
		Release|Any CPU = Release|Any CPU
	EndGlobalSection
	GlobalSection(ProjectConfigurationPlatforms) = postSolution
		{0B651877-2400-4120-87FD-0D1BFA7A91B5}.Debug|Any CPU.ActiveCfg = Debug|Any CPU
		{0B651877-2400-4120-87FD-0D1BFA7A91B5}.Debug|Any CPU.Build.0 = Debug|Any CPU
		{0B651877-2400-4120-87FD-0D1BFA7A91B5}.Release|Any CPU.ActiveCfg = Release|Any CPU
		{0B651877-2400-4120-87FD-0D1BFA7A91B5}.Release|Any CPU.Build.0 = Release|Any CPU
	EndGlobalSection
	GlobalSection(SolutionProperties) = preSolution
		HideSolutionNode = FALSE
	EndGlobalSection
	GlobalSection(ExtensibilityGlobals) = postSolution
		SolutionGuid = {81F02C60-4DA2-4AAB-B11B-D60AE4F09A93}
	EndGlobalSection
EndGlobal
